# THIS IS AN AUTOGENERATED FILE. DO NOT EDIT THIS FILE DIRECTLY.
# yarn lockfile v1


"@react-sigma/core@^4.0.3":
  version "4.0.3"
  resolved "https://registry.yarnpkg.com/@react-sigma/core/-/core-4.0.3.tgz#b97c1cf835df84a1401d715b176997f27c0fe7a9"
  integrity sha512-/y/U1GH18xjGYMWNYXXqHGJ+8tHf+e4z1i0gNSm9iuhch8sGFJooO3VfyPJlBox42Wl4/gCapQhOHAfVW0pRtw==

"@react-sigma/layout-core@^4.0.3":
  version "4.0.3"
  resolved "https://registry.yarnpkg.com/@react-sigma/layout-core/-/layout-core-4.0.3.tgz#a6835cf416ab591ed9de0a64a8d5a25b03034433"
  integrity sha512-0zt2JJw2Hjp/I8kn3RJgLR9M9u4SRSSlmp7XNuMqG4FLrHrL5MZ8nFhUMzMgNuxUn0rLtpdh7NDd8wgdhKeQjA==
  dependencies:
    "@react-sigma/core" "^4.0.3"

"@react-sigma/layout-forceatlas2@^4.0.3":
  version "4.0.3"
  resolved "https://registry.yarnpkg.com/@react-sigma/layout-forceatlas2/-/layout-forceatlas2-4.0.3.tgz#58f4c05d40f6fc6bf30e851b76c64731eb123bfb"
  integrity sha512-JpYmFetlV6Sn/uslsOpqtuWyaRADASyQ+fMkkUsh9iPG7Vm/srGwLOR33kUw31yt1gBiagp3vy+4EKjUxex1Uw==
  dependencies:
    "@react-sigma/layout-core" "^4.0.3"

events@^3.3.0:
  version "3.3.0"
  resolved "https://registry.yarnpkg.com/events/-/events-3.3.0.tgz#31a95ad0a924e2d2c419a813aeb2c4e878ea7400"
  integrity sha512-mQw+2fkQbALzQ7V0MY0IqdnXNOeTtP4r0lN9z7AAawCXgqea7bDii20AYrIBrFd/Hx0M2Ocz6S111CaFkUcb0Q==

graphology-types@^0.24.7:
  version "0.24.7"
  resolved "https://registry.yarnpkg.com/graphology-types/-/graphology-types-0.24.7.tgz#7d630a800061666bfa70066310f56612e08b7bee"
  integrity sha512-tdcqOOpwArNjEr0gNQKCXwaNCWnQJrog14nJNQPeemcLnXQUUGrsCWpWkVKt46zLjcS6/KGoayeJfHHyPDlvwA==

graphology@^0.25.4:
  version "0.25.4"
  resolved "https://registry.yarnpkg.com/graphology/-/graphology-0.25.4.tgz#e528a64555ac1f392a9d965321ada5b2b843efe1"
  integrity sha512-33g0Ol9nkWdD6ulw687viS8YJQBxqG5LWII6FI6nul0pq6iM2t5EKquOTFDbyTblRB3O9I+7KX4xI8u5ffekAQ==
  dependencies:
    events "^3.3.0"
    obliterator "^2.0.2"

obliterator@^2.0.2:
  version "2.0.4"
  resolved "https://registry.yarnpkg.com/obliterator/-/obliterator-2.0.4.tgz#fa650e019b2d075d745e44f1effeb13a2adbe816"
  integrity sha512-lgHwxlxV1qIg1Eap7LgIeoBWIMFibOjbrYPIPJZcI1mmGAI2m3lNYpK12Y+GBdPQ0U1hRwSord7GIaawz962qQ==
